
Microsoft Visual Studio Solution File, Format Version 12.00
# Visual Studio Version 17
VisualStudioVersion = 17.10.35013.160
MinimumVisualStudioVersion = 10.0.40219.1
Project("{2150E333-8FDC-42A3-9474-1A3956D46DE8}") = "Services", "Services", "{7C340F0A-484D-4AD0-B430-6A364E2D721F}"
EndProject
Project("{2150E333-8FDC-42A3-9474-1A3956D46DE8}") = "Catalog", "Catalog", "{534C7117-1665-40BD-B881-CF8EAAA66631}"
EndProject
Project("{9A19103F-16F7-4668-BE54-9A1E7A4F7556}") = "MultiShop.Catalog", "Services\Catalog\MultiShop.Catalog\MultiShop.Catalog.csproj", "{096F7775-898B-4F33-8953-868B585C8FE7}"
EndProject
Project("{2150E333-8FDC-42A3-9474-1A3956D46DE8}") = "Discount", "Discount", "{5D30EFCE-1FB1-44E2-ABB7-80DEA66E59F3}"
EndProject
Project("{9A19103F-16F7-4668-BE54-9A1E7A4F7556}") = "MultiShop.Discount", "Services\Discount\MultiShop.Discount\MultiShop.Discount.csproj", "{5FAB38BC-DA88-442F-8951-548FAFC9286A}"
EndProject
Project("{2150E333-8FDC-42A3-9474-1A3956D46DE8}") = "Order", "Order", "{D42AD605-F0BB-44AD-B727-48C5275A2EC9}"
EndProject
Project("{2150E333-8FDC-42A3-9474-1A3956D46DE8}") = "Core", "Core", "{888C6E08-CAAC-4A1C-A335-8B50D6214CE1}"
EndProject
Project("{2150E333-8FDC-42A3-9474-1A3956D46DE8}") = "Infrastructure", "Infrastructure", "{7E8E70D2-CBC7-4390-97D7-8E3BBFF09A7A}"
EndProject
Project("{2150E333-8FDC-42A3-9474-1A3956D46DE8}") = "Presentation", "Presentation", "{919853CB-97B1-4779-8DFB-3B4CAE9BC5D1}"
EndProject
Project("{FAE04EC0-301F-11D3-BF4B-00C04F79EFBC}") = "MultiShop.Order.Domain", "Services\Order\Core\MultiShop.Order.Domain\MultiShop.Order.Domain.csproj", "{A5B78CDA-5FD0-4D34-AA6C-810D3860FB84}"
EndProject
Project("{FAE04EC0-301F-11D3-BF4B-00C04F79EFBC}") = "MultiShop.Order.Application", "Services\Order\Core\MultiShop.Order.Application\MultiShop.Order.Application.csproj", "{D3EE2C2D-8795-483A-89EF-ED2AE5B2700D}"
EndProject
Project("{FAE04EC0-301F-11D3-BF4B-00C04F79EFBC}") = "MultiShop.Order.Persistence", "Services\Order\Infrastructure\MultiShop.Order.Persistence\MultiShop.Order.Persistence.csproj", "{B0CF33F3-948D-4B24-8113-BC04D5116ABE}"
EndProject
Project("{FAE04EC0-301F-11D3-BF4B-00C04F79EFBC}") = "MultiShop.Order.WebApi", "Services\Order\Presentation\MultiShop.Order.WebApi\MultiShop.Order.WebApi.csproj", "{DF1F431A-EE82-4840-B64E-F027BC1A4770}"
EndProject
Global
	GlobalSection(SolutionConfigurationPlatforms) = preSolution
		Debug|Any CPU = Debug|Any CPU
		Release|Any CPU = Release|Any CPU
	EndGlobalSection
	GlobalSection(ProjectConfigurationPlatforms) = postSolution
		{096F7775-898B-4F33-8953-868B585C8FE7}.Debug|Any CPU.ActiveCfg = Debug|Any CPU
		{096F7775-898B-4F33-8953-868B585C8FE7}.Debug|Any CPU.Build.0 = Debug|Any CPU
		{096F7775-898B-4F33-8953-868B585C8FE7}.Release|Any CPU.ActiveCfg = Release|Any CPU
		{096F7775-898B-4F33-8953-868B585C8FE7}.Release|Any CPU.Build.0 = Release|Any CPU
		{5FAB38BC-DA88-442F-8951-548FAFC9286A}.Debug|Any CPU.ActiveCfg = Debug|Any CPU
		{5FAB38BC-DA88-442F-8951-548FAFC9286A}.Debug|Any CPU.Build.0 = Debug|Any CPU
		{5FAB38BC-DA88-442F-8951-548FAFC9286A}.Release|Any CPU.ActiveCfg = Release|Any CPU
		{5FAB38BC-DA88-442F-8951-548FAFC9286A}.Release|Any CPU.Build.0 = Release|Any CPU
		{A5B78CDA-5FD0-4D34-AA6C-810D3860FB84}.Debug|Any CPU.ActiveCfg = Debug|Any CPU
		{A5B78CDA-5FD0-4D34-AA6C-810D3860FB84}.Debug|Any CPU.Build.0 = Debug|Any CPU
		{A5B78CDA-5FD0-4D34-AA6C-810D3860FB84}.Release|Any CPU.ActiveCfg = Release|Any CPU
		{A5B78CDA-5FD0-4D34-AA6C-810D3860FB84}.Release|Any CPU.Build.0 = Release|Any CPU
		{D3EE2C2D-8795-483A-89EF-ED2AE5B2700D}.Debug|Any CPU.ActiveCfg = Debug|Any CPU
		{D3EE2C2D-8795-483A-89EF-ED2AE5B2700D}.Debug|Any CPU.Build.0 = Debug|Any CPU
		{D3EE2C2D-8795-483A-89EF-ED2AE5B2700D}.Release|Any CPU.ActiveCfg = Release|Any CPU
		{D3EE2C2D-8795-483A-89EF-ED2AE5B2700D}.Release|Any CPU.Build.0 = Release|Any CPU
		{B0CF33F3-948D-4B24-8113-BC04D5116ABE}.Debug|Any CPU.ActiveCfg = Debug|Any CPU
		{B0CF33F3-948D-4B24-8113-BC04D5116ABE}.Debug|Any CPU.Build.0 = Debug|Any CPU
		{B0CF33F3-948D-4B24-8113-BC04D5116ABE}.Release|Any CPU.ActiveCfg = Release|Any CPU
		{B0CF33F3-948D-4B24-8113-BC04D5116ABE}.Release|Any CPU.Build.0 = Release|Any CPU
		{DF1F431A-EE82-4840-B64E-F027BC1A4770}.Debug|Any CPU.ActiveCfg = Debug|Any CPU
		{DF1F431A-EE82-4840-B64E-F027BC1A4770}.Debug|Any CPU.Build.0 = Debug|Any CPU
		{DF1F431A-EE82-4840-B64E-F027BC1A4770}.Release|Any CPU.ActiveCfg = Release|Any CPU
		{DF1F431A-EE82-4840-B64E-F027BC1A4770}.Release|Any CPU.Build.0 = Release|Any CPU
	EndGlobalSection
	GlobalSection(SolutionProperties) = preSolution
		HideSolutionNode = FALSE
	EndGlobalSection
	GlobalSection(NestedProjects) = preSolution
		{534C7117-1665-40BD-B881-CF8EAAA66631} = {7C340F0A-484D-4AD0-B430-6A364E2D721F}
		{096F7775-898B-4F33-8953-868B585C8FE7} = {534C7117-1665-40BD-B881-CF8EAAA66631}
		{5D30EFCE-1FB1-44E2-ABB7-80DEA66E59F3} = {7C340F0A-484D-4AD0-B430-6A364E2D721F}
		{5FAB38BC-DA88-442F-8951-548FAFC9286A} = {5D30EFCE-1FB1-44E2-ABB7-80DEA66E59F3}
		{D42AD605-F0BB-44AD-B727-48C5275A2EC9} = {7C340F0A-484D-4AD0-B430-6A364E2D721F}
		{888C6E08-CAAC-4A1C-A335-8B50D6214CE1} = {D42AD605-F0BB-44AD-B727-48C5275A2EC9}
		{7E8E70D2-CBC7-4390-97D7-8E3BBFF09A7A} = {D42AD605-F0BB-44AD-B727-48C5275A2EC9}
		{919853CB-97B1-4779-8DFB-3B4CAE9BC5D1} = {D42AD605-F0BB-44AD-B727-48C5275A2EC9}
		{A5B78CDA-5FD0-4D34-AA6C-810D3860FB84} = {888C6E08-CAAC-4A1C-A335-8B50D6214CE1}
		{D3EE2C2D-8795-483A-89EF-ED2AE5B2700D} = {888C6E08-CAAC-4A1C-A335-8B50D6214CE1}
		{B0CF33F3-948D-4B24-8113-BC04D5116ABE} = {7E8E70D2-CBC7-4390-97D7-8E3BBFF09A7A}
		{DF1F431A-EE82-4840-B64E-F027BC1A4770} = {919853CB-97B1-4779-8DFB-3B4CAE9BC5D1}
	EndGlobalSection
	GlobalSection(ExtensibilityGlobals) = postSolution
		SolutionGuid = {901FF2F1-4240-401A-8128-297568B4C0F1}
	EndGlobalSection
EndGlobal
