
Microsoft Visual Studio Solution File, Format Version 12.00
# Visual Studio Version 17
VisualStudioVersion = 17.10.35013.160
MinimumVisualStudioVersion = 10.0.40219.1
Project("{2150E333-8FDC-42A3-9474-1A3956D46DE8}") = "Services", "Services", "{7C340F0A-484D-4AD0-B430-6A364E2D721F}"
EndProject
Project("{2150E333-8FDC-42A3-9474-1A3956D46DE8}") = "Catalog", "Catalog", "{534C7117-1665-40BD-B881-CF8EAAA66631}"
EndProject
Project("{FAE04EC0-301F-11D3-BF4B-00C04F79EFBC}") = "MultiShop.Catalog", "Services\Catalog\MultiShop.Catalog\MultiShop.Catalog.csproj", "{096F7775-898B-4F33-8953-868B585C8FE7}"
EndProject
Global
	GlobalSection(SolutionConfigurationPlatforms) = preSolution
		Debug|Any CPU = Debug|Any CPU
		Release|Any CPU = Release|Any CPU
	EndGlobalSection
	GlobalSection(ProjectConfigurationPlatforms) = postSolution
		{096F7775-898B-4F33-8953-868B585C8FE7}.Debug|Any CPU.ActiveCfg = Debug|Any CPU
		{096F7775-898B-4F33-8953-868B585C8FE7}.Debug|Any CPU.Build.0 = Debug|Any CPU
		{096F7775-898B-4F33-8953-868B585C8FE7}.Release|Any CPU.ActiveCfg = Release|Any CPU
		{096F7775-898B-4F33-8953-868B585C8FE7}.Release|Any CPU.Build.0 = Release|Any CPU
	EndGlobalSection
	GlobalSection(SolutionProperties) = preSolution
		HideSolutionNode = FALSE
	EndGlobalSection
	GlobalSection(NestedProjects) = preSolution
		{534C7117-1665-40BD-B881-CF8EAAA66631} = {7C340F0A-484D-4AD0-B430-6A364E2D721F}
		{096F7775-898B-4F33-8953-868B585C8FE7} = {534C7117-1665-40BD-B881-CF8EAAA66631}
	EndGlobalSection
	GlobalSection(ExtensibilityGlobals) = postSolution
		SolutionGuid = {901FF2F1-4240-401A-8128-297568B4C0F1}
	EndGlobalSection
EndGlobal
